
Microsoft Visual Studio Solution File, Format Version 12.00
# Visual Studio Version 17
VisualStudioVersion = 17.0.31903.59
MinimumVisualStudioVersion = 10.0.40219.1
Project("{FAE04EC0-301F-11D3-BF4B-00C04F79EFBC}") = "TDD_Guide_Project", "TDD_Guide_Project\TDD_Guide_Project.csproj", "{00A5B8AC-729C-4404-8C1B-94B658832A2A}"
EndProject
Project("{FAE04EC0-301F-11D3-BF4B-00C04F79EFBC}") = "TDD_Guide_Tests", "TDD_Guide_Tests\TDD_Guide_Tests.csproj", "{4084F4B6-D9E2-4BB2-A19F-ECA965179B09}"
EndProject
Global
	GlobalSection(SolutionConfigurationPlatforms) = preSolution
		Debug|Any CPU = Debug|Any CPU
		Release|Any CPU = Release|Any CPU
	EndGlobalSection
	GlobalSection(SolutionProperties) = preSolution
		HideSolutionNode = FALSE
	EndGlobalSection
	GlobalSection(ProjectConfigurationPlatforms) = postSolution
		{00A5B8AC-729C-4404-8C1B-94B658832A2A}.Debug|Any CPU.ActiveCfg = Debug|Any CPU
		{00A5B8AC-729C-4404-8C1B-94B658832A2A}.Debug|Any CPU.Build.0 = Debug|Any CPU
		{00A5B8AC-729C-4404-8C1B-94B658832A2A}.Release|Any CPU.ActiveCfg = Release|Any CPU
		{00A5B8AC-729C-4404-8C1B-94B658832A2A}.Release|Any CPU.Build.0 = Release|Any CPU
		{4084F4B6-D9E2-4BB2-A19F-ECA965179B09}.Debug|Any CPU.ActiveCfg = Debug|Any CPU
		{4084F4B6-D9E2-4BB2-A19F-ECA965179B09}.Debug|Any CPU.Build.0 = Debug|Any CPU
		{4084F4B6-D9E2-4BB2-A19F-ECA965179B09}.Release|Any CPU.ActiveCfg = Release|Any CPU
		{4084F4B6-D9E2-4BB2-A19F-ECA965179B09}.Release|Any CPU.Build.0 = Release|Any CPU
	EndGlobalSection
EndGlobal
